
Microsoft Visual Studio Solution File, Format Version 12.00
# Visual Studio Version 17
VisualStudioVersion = 17.14.37027.9 d17.14
MinimumVisualStudioVersion = 10.0.40219.1
Project("{FAE04EC0-301F-11D3-BF4B-00C04F79EFBC}") = "MyFirstMAUIApp", "MyFirstMAUIApp\MyFirstMAUIApp.csproj", "{F39528F2-B595-4746-833B-61EBD612E557}"
EndProject
Global
	GlobalSection(SolutionConfigurationPlatforms) = preSolution
		Debug|Any CPU = Debug|Any CPU
		Release|Any CPU = Release|Any CPU
	EndGlobalSection
	GlobalSection(ProjectConfigurationPlatforms) = postSolution
		{F39528F2-B595-4746-833B-61EBD612E557}.Debug|Any CPU.ActiveCfg = Debug|Any CPU
		{F39528F2-B595-4746-833B-61EBD612E557}.Debug|Any CPU.Build.0 = Debug|Any CPU
		{F39528F2-B595-4746-833B-61EBD612E557}.Release|Any CPU.ActiveCfg = Release|Any CPU
		{F39528F2-B595-4746-833B-61EBD612E557}.Release|Any CPU.Build.0 = Release|Any CPU
	EndGlobalSection
	GlobalSection(SolutionProperties) = preSolution
		HideSolutionNode = FALSE
	EndGlobalSection
	GlobalSection(ExtensibilityGlobals) = postSolution
		SolutionGuid = {2FB341F1-0FDE-4E37-9DBD-196D04707DB8}
	EndGlobalSection
EndGlobal
